<?xml version="1.0" encoding="utf-8"?>
<Project ToolsVersion="4.0" xmlns="http://schemas.microsoft.com/developer/msbuild/2003">
  <ItemGroup>
    <Filter Include="Source Files">
      <UniqueIdentifier>{4FC737F1-C7A5-4376-A066-2A32D752A2FF}</UniqueIdentifier>
      <Extensions>cpp;c;cc;cxx;def;odl;idl;hpj;bat;asm;asmx</Extensions>
    </Filter>
    <Filter Include="Header Files">
      <UniqueIdentifier>{93995380-89BD-4b04-88EB-625FBE52EBFB}</UniqueIdentifier>
      <Extensions>h;hh;hpp;hxx;hm;inl;inc;ipp;xsd</Extensions>
    </Filter>
    <Filter Include="Resource Files">
      <UniqueIdentifier>{67DA6AB6-F800-4c08-8B7A-83BB121AAD01}</UniqueIdentifier>
      <Extensions>rc;ico;cur;bmp;dlg;rc2;rct;bin;rgs;gif;jpg;jpeg;jpe;resx;tiff;tif;png;wav;mfcribbon-ms</Extensions>
    </Filter>
  </ItemGroup>
  <ItemGroup>
    <Image Include="pic\emu.png">
      <Filter>Resource Files</Filter>
    </Image>
    <Image Include="pic\PC.jpg">
      <Filter>Resource Files</Filter>
    </Image>
    <Image Include="pic\Star.gif">
      <Filter>Resource Files</Filter>
    </Image>
    <Image Include="pic\StarFrames\Star_31.png">
      <Filter>Resource Files</Filter>
    </Image>
    <Image Include="pic\StarFrames\Star_0.png">
      <Filter>Resource Files</Filter>
    </Image>
    <Image Include="pic\StarFrames\Star_1.png">
      <Filter>Resource Files</Filter>
    </Image>
    <Image Include="pic\StarFrames\Star_2.png">
      <Filter>Resource Files</Filter>
    </Image>
    <Image Include="pic\StarFrames\Star_3.png">
      <Filter>Resource Files</Filter>
    </Image>
    <Image Include="pic\StarFrames\Star_4.png">
      <Filter>Resource Files</Filter>
    </Image>
    <Image Include="pic\StarFrames\Star_5.png">
      <Filter>Resource Files</Filter>
    </Image>
    <Image Include="pic\StarFrames\Star_6.png">
      <Filter>Resource Files</Filter>
    </Image>
    <Image Include="pic\StarFrames\Star_7.png">
      <Filter>Resource Files</Filter>
    </Image>
    <Image Include="pic\StarFrames\Star_8.png">
      <Filter>Resource Files</Filter>
    </Image>
    <Image Include="pic\StarFrames\Star_9.png">
      <Filter>Resource Files</Filter>
    </Image>
    <Image Include="pic\StarFrames\Star_10.png">
      <Filter>Resource Files</Filter>
    </Image>
    <Image Include="pic\StarFrames\Star_11.png">
      <Filter>Resource Files</Filter>
    </Image>
    <Image Include="pic\StarFrames\Star_12.png">
      <Filter>Resource Files</Filter>
    </Image>
    <Image Include="pic\StarFrames\Star_13.png">
      <Filter>Resource Files</Filter>
    </Image>
    <Image Include="pic\StarFrames\Star_14.png">
      <Filter>Resource Files</Filter>
    </Image>
    <Image Include="pic\StarFrames\Star_15.png">
      <Filter>Resource Files</Filter>
    </Image>
    <Image Include="pic\StarFrames\Star_16.png">
      <Filter>Resource Files</Filter>
    </Image>
    <Image Include="pic\StarFrames\Star_17.png">
      <Filter>Resource Files</Filter>
    </Image>
    <Image Include="pic\StarFrames\Star_18.png">
      <Filter>Resource Files</Filter>
    </Image>
    <Image Include="pic\StarFrames\Star_19.png">
      <Filter>Resource Files</Filter>
    </Image>
    <Image Include="pic\StarFrames\Star_20.png">
      <Filter>Resource Files</Filter>
    </Image>
    <Image Include="pic\StarFrames\Star_21.png">
      <Filter>Resource Files</Filter>
    </Image>
    <Image Include="pic\StarFrames\Star_22.png">
      <Filter>Resource Files</Filter>
    </Image>
    <Image Include="pic\StarFrames\Star_23.png">
      <Filter>Resource Files</Filter>
    </Image>
    <Image Include="pic\StarFrames\Star_24.png">
      <Filter>Resource Files</Filter>
    </Image>
    <Image Include="pic\StarFrames\Star_25.png">
      <Filter>Resource Files</Filter>
    </Image>
    <Image Include="pic\StarFrames\Star_26.png">
      <Filter>Resource Files</Filter>
    </Image>
    <Image Include="pic\StarFrames\Star_27.png">
      <Filter>Resource Files</Filter>
    </Image>
    <Image Include="pic\StarFrames\Star_28.png">
      <Filter>Resource Files</Filter>
    </Image>
    <Image Include="pic\StarFrames\Star_29.png">
      <Filter>Resource Files</Filter>
    </Image>
    <Image Include="pic\StarFrames\Star_30.png">
      <Filter>Resource Files</Filter>
    </Image>
    <Image Include="pic\UnStarFrames\Star_0.png">
      <Filter>Resource Files</Filter>
    </Image>
    <Image Include="pic\Coin\C_7.png">
      <Filter>Resource Files</Filter>
    </Image>
    <Image Include="pic\Coin\C_0.png">
      <Filter>Resource Files</Filter>
    </Image>
    <Image Include="pic\Coin\C_1.png">
      <Filter>Resource Files</Filter>
    </Image>
    <Image Include="pic\Coin\C_2.png">
      <Filter>Resource Files</Filter>
    </Image>
    <Image Include="pic\Coin\C_3.png">
      <Filter>Resource Files</Filter>
    </Image>
    <Image Include="pic\Coin\C_4.png">
      <Filter>Resource Files</Filter>
    </Image>
    <Image Include="pic\Coin\C_5.png">
      <Filter>Resource Files</Filter>
    </Image>
    <Image Include="pic\Coin\C_6.png">
      <Filter>Resource Files</Filter>
    </Image>
    <Image Include="pic\A_0.png">
      <Filter>Resource Files</Filter>
    </Image>
    <Image Include="pic\A_1.png">
      <Filter>Resource Files</Filter>
    </Image>
    <Image Include="pic\BACKGROUND.png">
      <Filter>Resource Files</Filter>
    </Image>
    <Image Include="pic\Bomb.png">
      <Filter>Resource Files</Filter>
    </Image>
    <Image Include="pic\Bomb_cov.png">
      <Filter>Resource Files</Filter>
    </Image>
    <Image Include="pic\MIPS.png">
      <Filter>Resource Files</Filter>
    </Image>
    <Image Include="pic\TOAD.png">
      <Filter>Resource Files</Filter>
    </Image>
    <Image Include="pic\TOP.png">
      <Filter>Resource Files</Filter>
    </Image>
    <Image Include="pic\Paintings\BBH.png">
      <Filter>Resource Files</Filter>
    </Image>
    <Image Include="pic\Paintings\BOB.png">
      <Filter>Resource Files</Filter>
    </Image>
    <Image Include="pic\Paintings\BOWSER.png">
      <Filter>Resource Files</Filter>
    </Image>
    <Image Include="pic\Paintings\CCM.png">
      <Filter>Resource Files</Filter>
    </Image>
    <Image Include="pic\Paintings\DDD.png">
      <Filter>Resource Files</Filter>
    </Image>
    <Image Include="pic\Paintings\HMC.png">
      <Filter>Resource Files</Filter>
    </Image>
    <Image Include="pic\Paintings\JRB.png">
      <Filter>Resource Files</Filter>
    </Image>
    <Image Include="pic\Paintings\LLL.png">
      <Filter>Resource Files</Filter>
    </Image>
    <Image Include="pic\Paintings\RR.png">
      <Filter>Resource Files</Filter>
    </Image>
    <Image Include="pic\Paintings\SSL.png">
      <Filter>Resource Files</Filter>
    </Image>
    <Image Include="pic\Paintings\THI.png">
      <Filter>Resource Files</Filter>
    </Image>
    <Image Include="pic\Paintings\TTC.png">
      <Filter>Resource Files</Filter>
    </Image>
    <Image Include="pic\Paintings\TTM.png">
      <Filter>Resource Files</Filter>
    </Image>
    <Image Include="pic\Paintings\WDW.png">
      <Filter>Resource Files</Filter>
    </Image>
    <Image Include="pic\Paintings\WF.png">
      <Filter>Resource Files</Filter>
    </Image>
    <Image Include="pic\PC.png">
      <Filter>Resource Files</Filter>
    </Image>
    <Image Include="pic\TOGGLE.png">
      <Filter>Resource Files</Filter>
    </Image>
    <Image Include="pic\SWITCH.png">
      <Filter>Resource Files</Filter>
    </Image>
    <Image Include="pic\ICON.ico">
      <Filter>Resource Files</Filter>
    </Image>
    <Image Include="pic\MOD.png">
      <Filter>Resource Files</Filter>
    </Image>
  </ItemGroup>
  <ItemGroup>
    <ClCompile Include="Source.cpp">
      <Filter>Source Files</Filter>
    </ClCompile>
  </ItemGroup>
  <ItemGroup>
    <ClInclude Include="Headers\WindowsFileSys.h">
      <Filter>Header Files</Filter>
    </ClInclude>
    <ClInclude Include="Headers\BitStream.h">
      <Filter>Header Files</Filter>
    </ClInclude>
    <ClInclude Include="Headers\CrudeSm64SaveRoutie.h">
      <Filter>Header Files</Filter>
    </ClInclude>
    <ClInclude Include="Headers\FileSys.h">
      <Filter>Header Files</Filter>
    </ClInclude>
    <ClInclude Include="Headers\olcPixelGameEngine.h">
      <Filter>Header Files</Filter>
    </ClInclude>
    <ClInclude Include="Headers\Sprite.h">
      <Filter>Header Files</Filter>
    </ClInclude>
    <ClInclude Include="Headers\TextHelp.h">
      <Filter>Header Files</Filter>
    </ClInclude>
    <ClInclude Include="Headers\SM64\Char_to_Type.h">
      <Filter>Header Files</Filter>
    </ClInclude>
    <ClInclude Include="Headers\SM64\bitsruff.h">
      <Filter>Header Files</Filter>
    </ClInclude>
    <ClInclude Include="Headers\SM64\GameStates\StarSelect.h">
      <Filter>Header Files</Filter>
    </ClInclude>
    <ClInclude Include="Headers\SM64\TopMenu.h">
      <Filter>Header Files</Filter>
    </ClInclude>
    <ClInclude Include="Headers\olcPGEX_Graphics2D.h">
      <Filter>Header Files</Filter>
    </ClInclude>
    <ClInclude Include="Headers\olcPGEX_AnimatedSprite.h">
      <Filter>Header Files</Filter>
    </ClInclude>
  </ItemGroup>
  <ItemGroup>
    <None Include="Empty.eep" />
  </ItemGroup>
</Project>